
Microsoft Visual Studio Solution File, Format Version 12.00
# Visual Studio Version 17
VisualStudioVersion = 17.8.34330.188
MinimumVisualStudioVersion = 10.0.40219.1
Project("{FAE04EC0-301F-11D3-BF4B-00C04F79EFBC}") = "TesteSoftware", "TesteSoftware\TesteSoftware.csproj", "{8A73B89A-A6F8-4199-A1AA-4978534793E7}"
EndProject
Project("{FAE04EC0-301F-11D3-BF4B-00C04F79EFBC}") = "Calculadora.Tests", "Calculadora.Tests\Calculadora.Tests.csproj", "{5E31F648-50F8-43D2-8D52-0D089E98DD67}"
EndProject
Global
	GlobalSection(SolutionConfigurationPlatforms) = preSolution
		Debug|Any CPU = Debug|Any CPU
		Release|Any CPU = Release|Any CPU
	EndGlobalSection
	GlobalSection(ProjectConfigurationPlatforms) = postSolution
		{8A73B89A-A6F8-4199-A1AA-4978534793E7}.Debug|Any CPU.ActiveCfg = Debug|Any CPU
		{8A73B89A-A6F8-4199-A1AA-4978534793E7}.Debug|Any CPU.Build.0 = Debug|Any CPU
		{8A73B89A-A6F8-4199-A1AA-4978534793E7}.Release|Any CPU.ActiveCfg = Release|Any CPU
		{8A73B89A-A6F8-4199-A1AA-4978534793E7}.Release|Any CPU.Build.0 = Release|Any CPU
		{5E31F648-50F8-43D2-8D52-0D089E98DD67}.Debug|Any CPU.ActiveCfg = Debug|Any CPU
		{5E31F648-50F8-43D2-8D52-0D089E98DD67}.Debug|Any CPU.Build.0 = Debug|Any CPU
		{5E31F648-50F8-43D2-8D52-0D089E98DD67}.Release|Any CPU.ActiveCfg = Release|Any CPU
		{5E31F648-50F8-43D2-8D52-0D089E98DD67}.Release|Any CPU.Build.0 = Release|Any CPU
	EndGlobalSection
	GlobalSection(SolutionProperties) = preSolution
		HideSolutionNode = FALSE
	EndGlobalSection
	GlobalSection(ExtensibilityGlobals) = postSolution
		SolutionGuid = {02754A10-7B9C-46F0-8E5D-CC56F8DB73EF}
	EndGlobalSection
EndGlobal
